{
  "name": "hcai-waffo-connector",
  "version": "0.1.0",
  "lockfileVersion": 3,
  "requires": true,
  "packages": {
    "": {
      "name": "hcai-waffo-connector",
      "version": "0.1.0",
      "dependencies": {
        "@waffo/pancake-ts": "0.19.1"
      }
    },
    "node_modules/@waffo/pancake-ts": {
      "version": "0.19.1",
      "resolved": "https://registry.npmmirror.com/@waffo/pancake-ts/-/pancake-ts-0.19.1.tgz",
      "integrity": "sha512-X1vCyZcVwbFROZiQQrrDh3OPqm8KvEX3/65PT9xGy10zWTNX1nO+D1cL1ERBe17ot57mI9T5Dhzt/Gf2k/lIdg==",
      "license": "MIT",
      "engines": {
        "node": ">=20.0.0"
      }
    }
  }
}
